
Microsoft Visual Studio Solution File, Format Version 12.00
# Visual Studio Version 16
VisualStudioVersion = 16.0.28803.202
MinimumVisualStudioVersion = 10.0.40219.1
Project("{FAE04EC0-301F-11D3-BF4B-00C04F79EFBC}") = "DemoMatizz", "DemoMatizz.csproj", "{FD01BF2F-7CBB-4E91-BDF5-51B8F35EDCFD}"
EndProject
Global
	GlobalSection(SolutionConfigurationPlatforms) = preSolution
		Debug|Any CPU = Debug|Any CPU
		Release|Any CPU = Release|Any CPU
	EndGlobalSection
	GlobalSection(ProjectConfigurationPlatforms) = postSolution
		{FD01BF2F-7CBB-4E91-BDF5-51B8F35EDCFD}.Debug|Any CPU.ActiveCfg = Debug|Any CPU
		{FD01BF2F-7CBB-4E91-BDF5-51B8F35EDCFD}.Debug|Any CPU.Build.0 = Debug|Any CPU
		{FD01BF2F-7CBB-4E91-BDF5-51B8F35EDCFD}.Release|Any CPU.ActiveCfg = Release|Any CPU
		{FD01BF2F-7CBB-4E91-BDF5-51B8F35EDCFD}.Release|Any CPU.Build.0 = Release|Any CPU
	EndGlobalSection
	GlobalSection(SolutionProperties) = preSolution
		HideSolutionNode = FALSE
	EndGlobalSection
	GlobalSection(ExtensibilityGlobals) = postSolution
		SolutionGuid = {4B2E3CAE-97F3-4475-A746-66EB20AB8AF1}
	EndGlobalSection
EndGlobal
